
Microsoft Visual Studio Solution File, Format Version 12.00
# Visual Studio 15
VisualStudioVersion = 15.0.27130.2003
MinimumVisualStudioVersion = 10.0.40219.1
Project("{9A19103F-16F7-4668-BE54-9A1E7A4F7556}") = "TradingTester", "TradingTester\TradingTester.csproj", "{7E9679A3-C81B-4D3B-80EF-61B66739B5F7}"
EndProject
Project("{9A19103F-16F7-4668-BE54-9A1E7A4F7556}") = "CryptoTrading.DAL", "CryptoTrading.DAL\CryptoTrading.DAL.csproj", "{AE9D852D-2795-4267-8F50-462CFBB90642}"
EndProject
Project("{9A19103F-16F7-4668-BE54-9A1E7A4F7556}") = "CryptoTrading.Logic", "CryptoTrading.Logic\CryptoTrading.Logic.csproj", "{70FBE104-F678-49F9-B0CA-13D2CAF62E0C}"
EndProject
Project("{9A19103F-16F7-4668-BE54-9A1E7A4F7556}") = "TraderConsole", "TraderConsole\TraderConsole.csproj", "{8F9D677B-F2E8-4111-A32A-6E9A64C414F0}"
EndProject
Global
	GlobalSection(SolutionConfigurationPlatforms) = preSolution
		Debug|Any CPU = Debug|Any CPU
		Release|Any CPU = Release|Any CPU
	EndGlobalSection
	GlobalSection(ProjectConfigurationPlatforms) = postSolution
		{7E9679A3-C81B-4D3B-80EF-61B66739B5F7}.Debug|Any CPU.ActiveCfg = Debug|Any CPU
		{7E9679A3-C81B-4D3B-80EF-61B66739B5F7}.Debug|Any CPU.Build.0 = Debug|Any CPU
		{7E9679A3-C81B-4D3B-80EF-61B66739B5F7}.Release|Any CPU.ActiveCfg = Release|Any CPU
		{7E9679A3-C81B-4D3B-80EF-61B66739B5F7}.Release|Any CPU.Build.0 = Release|Any CPU
		{AE9D852D-2795-4267-8F50-462CFBB90642}.Debug|Any CPU.ActiveCfg = Debug|Any CPU
		{AE9D852D-2795-4267-8F50-462CFBB90642}.Debug|Any CPU.Build.0 = Debug|Any CPU
		{AE9D852D-2795-4267-8F50-462CFBB90642}.Release|Any CPU.ActiveCfg = Release|Any CPU
		{AE9D852D-2795-4267-8F50-462CFBB90642}.Release|Any CPU.Build.0 = Release|Any CPU
		{70FBE104-F678-49F9-B0CA-13D2CAF62E0C}.Debug|Any CPU.ActiveCfg = Debug|Any CPU
		{70FBE104-F678-49F9-B0CA-13D2CAF62E0C}.Debug|Any CPU.Build.0 = Debug|Any CPU
		{70FBE104-F678-49F9-B0CA-13D2CAF62E0C}.Release|Any CPU.ActiveCfg = Release|Any CPU
		{70FBE104-F678-49F9-B0CA-13D2CAF62E0C}.Release|Any CPU.Build.0 = Release|Any CPU
		{8F9D677B-F2E8-4111-A32A-6E9A64C414F0}.Debug|Any CPU.ActiveCfg = Debug|Any CPU
		{8F9D677B-F2E8-4111-A32A-6E9A64C414F0}.Debug|Any CPU.Build.0 = Debug|Any CPU
		{8F9D677B-F2E8-4111-A32A-6E9A64C414F0}.Release|Any CPU.ActiveCfg = Release|Any CPU
		{8F9D677B-F2E8-4111-A32A-6E9A64C414F0}.Release|Any CPU.Build.0 = Release|Any CPU
	EndGlobalSection
	GlobalSection(SolutionProperties) = preSolution
		HideSolutionNode = FALSE
	EndGlobalSection
	GlobalSection(ExtensibilityGlobals) = postSolution
		SolutionGuid = {51D58B93-C00C-4C54-B918-2F905F22D530}
	EndGlobalSection
EndGlobal
